
Microsoft Visual Studio Solution File, Format Version 12.00
# Visual Studio Version 17
VisualStudioVersion = 17.8.34511.84
MinimumVisualStudioVersion = 10.0.40219.1
Project("{FAE04EC0-301F-11D3-BF4B-00C04F79EFBC}") = "HotelSol", "HotelSol\HotelSol.csproj", "{B166DC88-5F21-44F5-BA8E-2EF9620C08FF}"
EndProject
Global
	GlobalSection(SolutionConfigurationPlatforms) = preSolution
		Debug|Any CPU = Debug|Any CPU
		Release|Any CPU = Release|Any CPU
	EndGlobalSection
	GlobalSection(ProjectConfigurationPlatforms) = postSolution
		{B166DC88-5F21-44F5-BA8E-2EF9620C08FF}.Debug|Any CPU.ActiveCfg = Debug|Any CPU
		{B166DC88-5F21-44F5-BA8E-2EF9620C08FF}.Debug|Any CPU.Build.0 = Debug|Any CPU
		{B166DC88-5F21-44F5-BA8E-2EF9620C08FF}.Release|Any CPU.ActiveCfg = Release|Any CPU
		{B166DC88-5F21-44F5-BA8E-2EF9620C08FF}.Release|Any CPU.Build.0 = Release|Any CPU
	EndGlobalSection
	GlobalSection(SolutionProperties) = preSolution
		HideSolutionNode = FALSE
	EndGlobalSection
	GlobalSection(ExtensibilityGlobals) = postSolution
		SolutionGuid = {695EBCFA-D9C4-499D-88D0-583803422217}
	EndGlobalSection
EndGlobal
